// !$*UTF8*$!
{
	archiveVersion = 1;
	classes = {
	};
	objectVersion = 55;
	objects = {

/* Begin PBXBuildFile section */
		76DDB85F285605360055F1A7 /* AppDelegate.swift in Sources */ = {isa = PBXBuildFile; fileRef = 76DDB85E285605360055F1A7 /* AppDelegate.swift */; };
		76DDB868285605380055F1A7 /* Assets.xcassets in Resources */ = {isa = PBXBuildFile; fileRef = 76DDB867285605380055F1A7 /* Assets.xcassets */; };
		76DDB876285605380055F1A7 /* SocialLiteTests.swift in Sources */ = {isa = PBXBuildFile; fileRef = 76DDB875285605380055F1A7 /* SocialLiteTests.swift */; };
		76DDB880285605390055F1A7 /* SocialLiteUITests.swift in Sources */ = {isa = PBXBuildFile; fileRef = 76DDB87F285605390055F1A7 /* SocialLiteUITests.swift */; };
		76DDB882285605390055F1A7 /* SocialLiteUITestsLaunchTests.swift in Sources */ = {isa = PBXBuildFile; fileRef = 76DDB881285605390055F1A7 /* SocialLiteUITestsLaunchTests.swift */; };
		76DDB890285606B80055F1A7 /* FirebaseAnalytics in Frameworks */ = {isa = PBXBuildFile; productRef = 76DDB88F285606B80055F1A7 /* FirebaseAnalytics */; };
		76DDB892285606B80055F1A7 /* FirebaseAuth in Frameworks */ = {isa = PBXBuildFile; productRef = 76DDB891285606B80055F1A7 /* FirebaseAuth */; };
		76DDB894285606B80055F1A7 /* FirebaseDatabase in Frameworks */ = {isa = PBXBuildFile; productRef = 76DDB893285606B80055F1A7 /* FirebaseDatabase */; };
		76DDB896285606B80055F1A7 /* FirebaseDatabaseSwift in Frameworks */ = {isa = PBXBuildFile; productRef = 76DDB895285606B80055F1A7 /* FirebaseDatabaseSwift */; };
		76DDB89A285607E40055F1A7 /* GoogleService-Info.plist in Resources */ = {isa = PBXBuildFile; fileRef = 76DDB899285607E40055F1A7 /* GoogleService-Info.plist */; };
		76DDB8A02856099F0055F1A7 /* SignInViewController.swift in Sources */ = {isa = PBXBuildFile; fileRef = 76DDB89F2856099F0055F1A7 /* SignInViewController.swift */; };
		76DDB8A2285609B00055F1A7 /* SignInPresenter.swift in Sources */ = {isa = PBXBuildFile; fileRef = 76DDB8A1285609B00055F1A7 /* SignInPresenter.swift */; };
		76DDB8A4285609BA0055F1A7 /* SignInInteractor.swift in Sources */ = {isa = PBXBuildFile; fileRef = 76DDB8A3285609BA0055F1A7 /* SignInInteractor.swift */; };
		76DDB8A6285609C50055F1A7 /* SignInService.swift in Sources */ = {isa = PBXBuildFile; fileRef = 76DDB8A5285609C50055F1A7 /* SignInService.swift */; };
		76DDB8A8285609CF0055F1A7 /* SignInWireframe.swift in Sources */ = {isa = PBXBuildFile; fileRef = 76DDB8A7285609CF0055F1A7 /* SignInWireframe.swift */; };
		76DDB8AA28560D830055F1A7 /* Localizable.strings in Resources */ = {isa = PBXBuildFile; fileRef = 76DDB8A928560D830055F1A7 /* Localizable.strings */; };
		76DDB8AC28560EA80055F1A7 /* String+Extension.swift in Sources */ = {isa = PBXBuildFile; fileRef = 76DDB8AB28560EA80055F1A7 /* String+Extension.swift */; };
		76DDB8B1285616460055F1A7 /* SignUpViewController.swift in Sources */ = {isa = PBXBuildFile; fileRef = 76DDB8B0285616460055F1A7 /* SignUpViewController.swift */; };
		76DDB8B3285616540055F1A7 /* SignUpPresenter.swift in Sources */ = {isa = PBXBuildFile; fileRef = 76DDB8B2285616540055F1A7 /* SignUpPresenter.swift */; };
		76DDB8B52856165F0055F1A7 /* SignUpInteractor.swift in Sources */ = {isa = PBXBuildFile; fileRef = 76DDB8B42856165F0055F1A7 /* SignUpInteractor.swift */; };
		76DDB8B7285616690055F1A7 /* SignUpService.swift in Sources */ = {isa = PBXBuildFile; fileRef = 76DDB8B6285616690055F1A7 /* SignUpService.swift */; };
		76DDB8B9285616740055F1A7 /* SignUpWireframe.swift in Sources */ = {isa = PBXBuildFile; fileRef = 76DDB8B8285616740055F1A7 /* SignUpWireframe.swift */; };
		76DDB8BB28561C670055F1A7 /* Coordinator.swift in Sources */ = {isa = PBXBuildFile; fileRef = 76DDB8BA28561C670055F1A7 /* Coordinator.swift */; };
		76DDB8BE285625240055F1A7 /* NotificationBannerSwift in Frameworks */ = {isa = PBXBuildFile; productRef = 76DDB8BD285625240055F1A7 /* NotificationBannerSwift */; };
		76DDB8C228562C4A0055F1A7 /* UITextField+Extension.swift in Sources */ = {isa = PBXBuildFile; fileRef = 76DDB8C128562C4A0055F1A7 /* UITextField+Extension.swift */; };
		76DDB8C8285637C20055F1A7 /* TimelineViewController.swift in Sources */ = {isa = PBXBuildFile; fileRef = 76DDB8C7285637C20055F1A7 /* TimelineViewController.swift */; };
		76DDB8CA285637CF0055F1A7 /* TimelinePresenter.swift in Sources */ = {isa = PBXBuildFile; fileRef = 76DDB8C9285637CF0055F1A7 /* TimelinePresenter.swift */; };
		76DDB8CC285637DB0055F1A7 /* TimelineInteractor.swift in Sources */ = {isa = PBXBuildFile; fileRef = 76DDB8CB285637DB0055F1A7 /* TimelineInteractor.swift */; };
		76DDB8CE285637E20055F1A7 /* TimelineService.swift in Sources */ = {isa = PBXBuildFile; fileRef = 76DDB8CD285637E20055F1A7 /* TimelineService.swift */; };
		76DDB8D0285637EB0055F1A7 /* TimelineWireframe.swift in Sources */ = {isa = PBXBuildFile; fileRef = 76DDB8CF285637EB0055F1A7 /* TimelineWireframe.swift */; };
/* End PBXBuildFile section */

/* Begin PBXContainerItemProxy section */
		76DDB872285605380055F1A7 /* PBXContainerItemProxy */ = {
			isa = PBXContainerItemProxy;
			containerPortal = 76DDB853285605360055F1A7 /* Project object */;
			proxyType = 1;
			remoteGlobalIDString = 76DDB85A285605360055F1A7;
			remoteInfo = SocialLite;
		};
		76DDB87C285605390055F1A7 /* PBXContainerItemProxy */ = {
			isa = PBXContainerItemProxy;
			containerPortal = 76DDB853285605360055F1A7 /* Project object */;
			proxyType = 1;
			remoteGlobalIDString = 76DDB85A285605360055F1A7;
			remoteInfo = SocialLite;
		};
/* End PBXContainerItemProxy section */

/* Begin PBXFileReference section */
		76DDB85B285605360055F1A7 /* SocialLite.app */ = {isa = PBXFileReference; explicitFileType = wrapper.application; includeInIndex = 0; path = SocialLite.app; sourceTree = BUILT_PRODUCTS_DIR; };
		76DDB85E285605360055F1A7 /* AppDelegate.swift */ = {isa = PBXFileReference; lastKnownFileType = sourcecode.swift; path = AppDelegate.swift; sourceTree = "<group>"; };
		76DDB867285605380055F1A7 /* Assets.xcassets */ = {isa = PBXFileReference; lastKnownFileType = folder.assetcatalog; path = Assets.xcassets; sourceTree = "<group>"; };
		76DDB86C285605380055F1A7 /* Info.plist */ = {isa = PBXFileReference; lastKnownFileType = text.plist.xml; path = Info.plist; sourceTree = "<group>"; };
		76DDB871285605380055F1A7 /* SocialLiteTests.xctest */ = {isa = PBXFileReference; explicitFileType = wrapper.cfbundle; includeInIndex = 0; path = SocialLiteTests.xctest; sourceTree = BUILT_PRODUCTS_DIR; };
		76DDB875285605380055F1A7 /* SocialLiteTests.swift */ = {isa = PBXFileReference; lastKnownFileType = sourcecode.swift; path = SocialLiteTests.swift; sourceTree = "<group>"; };
		76DDB87B285605390055F1A7 /* SocialLiteUITests.xctest */ = {isa = PBXFileReference; explicitFileType = wrapper.cfbundle; includeInIndex = 0; path = SocialLiteUITests.xctest; sourceTree = BUILT_PRODUCTS_DIR; };
		76DDB87F285605390055F1A7 /* SocialLiteUITests.swift */ = {isa = PBXFileReference; lastKnownFileType = sourcecode.swift; path = SocialLiteUITests.swift; sourceTree = "<group>"; };
		76DDB881285605390055F1A7 /* SocialLiteUITestsLaunchTests.swift */ = {isa = PBXFileReference; lastKnownFileType = sourcecode.swift; path = SocialLiteUITestsLaunchTests.swift; sourceTree = "<group>"; };
		76DDB899285607E40055F1A7 /* GoogleService-Info.plist */ = {isa = PBXFileReference; fileEncoding = 4; lastKnownFileType = text.plist.xml; name = "GoogleService-Info.plist"; path = "../../../../../Downloads/GoogleService-Info.plist"; sourceTree = "<group>"; };
		76DDB89F2856099F0055F1A7 /* SignInViewController.swift */ = {isa = PBXFileReference; lastKnownFileType = sourcecode.swift; path = SignInViewController.swift; sourceTree = "<group>"; };
		76DDB8A1285609B00055F1A7 /* SignInPresenter.swift */ = {isa = PBXFileReference; lastKnownFileType = sourcecode.swift; path = SignInPresenter.swift; sourceTree = "<group>"; };
		76DDB8A3285609BA0055F1A7 /* SignInInteractor.swift */ = {isa = PBXFileReference; lastKnownFileType = sourcecode.swift; path = SignInInteractor.swift; sourceTree = "<group>"; };
		76DDB8A5285609C50055F1A7 /* SignInService.swift */ = {isa = PBXFileReference; lastKnownFileType = sourcecode.swift; path = SignInService.swift; sourceTree = "<group>"; };
		76DDB8A7285609CF0055F1A7 /* SignInWireframe.swift */ = {isa = PBXFileReference; lastKnownFileType = sourcecode.swift; path = SignInWireframe.swift; sourceTree = "<group>"; };
		76DDB8A928560D830055F1A7 /* Localizable.strings */ = {isa = PBXFileReference; lastKnownFileType = text.plist.strings; path = Localizable.strings; sourceTree = "<group>"; };
		76DDB8AB28560EA80055F1A7 /* String+Extension.swift */ = {isa = PBXFileReference; lastKnownFileType = sourcecode.swift; path = "String+Extension.swift"; sourceTree = "<group>"; };
		76DDB8B0285616460055F1A7 /* SignUpViewController.swift */ = {isa = PBXFileReference; lastKnownFileType = sourcecode.swift; path = SignUpViewController.swift; sourceTree = "<group>"; };
		76DDB8B2285616540055F1A7 /* SignUpPresenter.swift */ = {isa = PBXFileReference; lastKnownFileType = sourcecode.swift; path = SignUpPresenter.swift; sourceTree = "<group>"; };
		76DDB8B42856165F0055F1A7 /* SignUpInteractor.swift */ = {isa = PBXFileReference; lastKnownFileType = sourcecode.swift; path = SignUpInteractor.swift; sourceTree = "<group>"; };
		76DDB8B6285616690055F1A7 /* SignUpService.swift */ = {isa = PBXFileReference; lastKnownFileType = sourcecode.swift; path = SignUpService.swift; sourceTree = "<group>"; };
		76DDB8B8285616740055F1A7 /* SignUpWireframe.swift */ = {isa = PBXFileReference; lastKnownFileType = sourcecode.swift; path = SignUpWireframe.swift; sourceTree = "<group>"; };
		76DDB8BA28561C670055F1A7 /* Coordinator.swift */ = {isa = PBXFileReference; lastKnownFileType = sourcecode.swift; path = Coordinator.swift; sourceTree = "<group>"; };
		76DDB8C128562C4A0055F1A7 /* UITextField+Extension.swift */ = {isa = PBXFileReference; lastKnownFileType = sourcecode.swift; path = "UITextField+Extension.swift"; sourceTree = "<group>"; };
		76DDB8C7285637C20055F1A7 /* TimelineViewController.swift */ = {isa = PBXFileReference; lastKnownFileType = sourcecode.swift; path = TimelineViewController.swift; sourceTree = "<group>"; };
		76DDB8C9285637CF0055F1A7 /* TimelinePresenter.swift */ = {isa = PBXFileReference; lastKnownFileType = sourcecode.swift; path = TimelinePresenter.swift; sourceTree = "<group>"; };
		76DDB8CB285637DB0055F1A7 /* TimelineInteractor.swift */ = {isa = PBXFileReference; lastKnownFileType = sourcecode.swift; path = TimelineInteractor.swift; sourceTree = "<group>"; };
		76DDB8CD285637E20055F1A7 /* TimelineService.swift */ = {isa = PBXFileReference; lastKnownFileType = sourcecode.swift; path = TimelineService.swift; sourceTree = "<group>"; };
		76DDB8CF285637EB0055F1A7 /* TimelineWireframe.swift */ = {isa = PBXFileReference; lastKnownFileType = sourcecode.swift; path = TimelineWireframe.swift; sourceTree = "<group>"; };
/* End PBXFileReference section */

/* Begin PBXFrameworksBuildPhase section */
		76DDB858285605360055F1A7 /* Frameworks */ = {
			isa = PBXFrameworksBuildPhase;
			buildActionMask = 2147483647;
			files = (
				76DDB896285606B80055F1A7 /* FirebaseDatabaseSwift in Frameworks */,
				76DDB894285606B80055F1A7 /* FirebaseDatabase in Frameworks */,
				76DDB890285606B80055F1A7 /* FirebaseAnalytics in Frameworks */,
				76DDB8BE285625240055F1A7 /* NotificationBannerSwift in Frameworks */,
				76DDB892285606B80055F1A7 /* FirebaseAuth in Frameworks */,
			);
			runOnlyForDeploymentPostprocessing = 0;
		};
		76DDB86E285605380055F1A7 /* Frameworks */ = {
			isa = PBXFrameworksBuildPhase;
			buildActionMask = 2147483647;
			files = (
			);
			runOnlyForDeploymentPostprocessing = 0;
		};
		76DDB878285605390055F1A7 /* Frameworks */ = {
			isa = PBXFrameworksBuildPhase;
			buildActionMask = 2147483647;
			files = (
			);
			runOnlyForDeploymentPostprocessing = 0;
		};
/* End PBXFrameworksBuildPhase section */

/* Begin PBXGroup section */
		76DDB852285605360055F1A7 = {
			isa = PBXGroup;
			children = (
				76DDB85D285605360055F1A7 /* SocialLite */,
				76DDB874285605380055F1A7 /* SocialLiteTests */,
				76DDB87E285605390055F1A7 /* SocialLiteUITests */,
				76DDB85C285605360055F1A7 /* Products */,
			);
			sourceTree = "<group>";
		};
		76DDB85C285605360055F1A7 /* Products */ = {
			isa = PBXGroup;
			children = (
				76DDB85B285605360055F1A7 /* SocialLite.app */,
				76DDB871285605380055F1A7 /* SocialLiteTests.xctest */,
				76DDB87B285605390055F1A7 /* SocialLiteUITests.xctest */,
			);
			name = Products;
			sourceTree = "<group>";
		};
		76DDB85D285605360055F1A7 /* SocialLite */ = {
			isa = PBXGroup;
			children = (
				76DDB8C6285637AC0055F1A7 /* Timeline */,
				76DDB8AF285616350055F1A7 /* SignUp */,
				76DDB8AD28560EAC0055F1A7 /* Extensions */,
				76DDB89E2856097F0055F1A7 /* SignIn */,
				76DDB899285607E40055F1A7 /* GoogleService-Info.plist */,
				76DDB85E285605360055F1A7 /* AppDelegate.swift */,
				76DDB867285605380055F1A7 /* Assets.xcassets */,
				76DDB86C285605380055F1A7 /* Info.plist */,
				76DDB8A928560D830055F1A7 /* Localizable.strings */,
				76DDB8BA28561C670055F1A7 /* Coordinator.swift */,
			);
			path = SocialLite;
			sourceTree = "<group>";
		};
		76DDB874285605380055F1A7 /* SocialLiteTests */ = {
			isa = PBXGroup;
			children = (
				76DDB875285605380055F1A7 /* SocialLiteTests.swift */,
			);
			path = SocialLiteTests;
			sourceTree = "<group>";
		};
		76DDB87E285605390055F1A7 /* SocialLiteUITests */ = {
			isa = PBXGroup;
			children = (
				76DDB87F285605390055F1A7 /* SocialLiteUITests.swift */,
				76DDB881285605390055F1A7 /* SocialLiteUITestsLaunchTests.swift */,
			);
			path = SocialLiteUITests;
			sourceTree = "<group>";
		};
		76DDB89E2856097F0055F1A7 /* SignIn */ = {
			isa = PBXGroup;
			children = (
				76DDB89F2856099F0055F1A7 /* SignInViewController.swift */,
				76DDB8A1285609B00055F1A7 /* SignInPresenter.swift */,
				76DDB8A3285609BA0055F1A7 /* SignInInteractor.swift */,
				76DDB8A5285609C50055F1A7 /* SignInService.swift */,
				76DDB8A7285609CF0055F1A7 /* SignInWireframe.swift */,
			);
			path = SignIn;
			sourceTree = "<group>";
		};
		76DDB8AD28560EAC0055F1A7 /* Extensions */ = {
			isa = PBXGroup;
			children = (
				76DDB8AB28560EA80055F1A7 /* String+Extension.swift */,
				76DDB8C128562C4A0055F1A7 /* UITextField+Extension.swift */,
			);
			path = Extensions;
			sourceTree = "<group>";
		};
		76DDB8AF285616350055F1A7 /* SignUp */ = {
			isa = PBXGroup;
			children = (
				76DDB8B0285616460055F1A7 /* SignUpViewController.swift */,
				76DDB8B2285616540055F1A7 /* SignUpPresenter.swift */,
				76DDB8B42856165F0055F1A7 /* SignUpInteractor.swift */,
				76DDB8B6285616690055F1A7 /* SignUpService.swift */,
				76DDB8B8285616740055F1A7 /* SignUpWireframe.swift */,
			);
			path = SignUp;
			sourceTree = "<group>";
		};
		76DDB8C6285637AC0055F1A7 /* Timeline */ = {
			isa = PBXGroup;
			children = (
				76DDB8C7285637C20055F1A7 /* TimelineViewController.swift */,
				76DDB8C9285637CF0055F1A7 /* TimelinePresenter.swift */,
				76DDB8CB285637DB0055F1A7 /* TimelineInteractor.swift */,
				76DDB8CD285637E20055F1A7 /* TimelineService.swift */,
				76DDB8CF285637EB0055F1A7 /* TimelineWireframe.swift */,
			);
			path = Timeline;
			sourceTree = "<group>";
		};
/* End PBXGroup section */

/* Begin PBXNativeTarget section */
		76DDB85A285605360055F1A7 /* SocialLite */ = {
			isa = PBXNativeTarget;
			buildConfigurationList = 76DDB885285605390055F1A7 /* Build configuration list for PBXNativeTarget "SocialLite" */;
			buildPhases = (
				76DDB857285605360055F1A7 /* Sources */,
				76DDB858285605360055F1A7 /* Frameworks */,
				76DDB859285605360055F1A7 /* Resources */,
			);
			buildRules = (
			);
			dependencies = (
			);
			name = SocialLite;
			packageProductDependencies = (
				76DDB88F285606B80055F1A7 /* FirebaseAnalytics */,
				76DDB891285606B80055F1A7 /* FirebaseAuth */,
				76DDB893285606B80055F1A7 /* FirebaseDatabase */,
				76DDB895285606B80055F1A7 /* FirebaseDatabaseSwift */,
				76DDB8BD285625240055F1A7 /* NotificationBannerSwift */,
			);
			productName = SocialLite;
			productReference = 76DDB85B285605360055F1A7 /* SocialLite.app */;
			productType = "com.apple.product-type.application";
		};
		76DDB870285605380055F1A7 /* SocialLiteTests */ = {
			isa = PBXNativeTarget;
			buildConfigurationList = 76DDB888285605390055F1A7 /* Build configuration list for PBXNativeTarget "SocialLiteTests" */;
			buildPhases = (
				76DDB86D285605380055F1A7 /* Sources */,
				76DDB86E285605380055F1A7 /* Frameworks */,
				76DDB86F285605380055F1A7 /* Resources */,
			);
			buildRules = (
			);
			dependencies = (
				76DDB873285605380055F1A7 /* PBXTargetDependency */,
			);
			name = SocialLiteTests;
			productName = SocialLiteTests;
			productReference = 76DDB871285605380055F1A7 /* SocialLiteTests.xctest */;
			productType = "com.apple.product-type.bundle.unit-test";
		};
		76DDB87A285605390055F1A7 /* SocialLiteUITests */ = {
			isa = PBXNativeTarget;
			buildConfigurationList = 76DDB88B285605390055F1A7 /* Build configuration list for PBXNativeTarget "SocialLiteUITests" */;
			buildPhases = (
				76DDB877285605390055F1A7 /* Sources */,
				76DDB878285605390055F1A7 /* Frameworks */,
				76DDB879285605390055F1A7 /* Resources */,
			);
			buildRules = (
			);
			dependencies = (
				76DDB87D285605390055F1A7 /* PBXTargetDependency */,
			);
			name = SocialLiteUITests;
			productName = SocialLiteUITests;
			productReference = 76DDB87B285605390055F1A7 /* SocialLiteUITests.xctest */;
			productType = "com.apple.product-type.bundle.ui-testing";
		};
/* End PBXNativeTarget section */

/* Begin PBXProject section */
		76DDB853285605360055F1A7 /* Project object */ = {
			isa = PBXProject;
			attributes = {
				BuildIndependentTargetsInParallel = 1;
				LastSwiftUpdateCheck = 1330;
				LastUpgradeCheck = 1330;
				TargetAttributes = {
					76DDB85A285605360055F1A7 = {
						CreatedOnToolsVersion = 13.3;
					};
					76DDB870285605380055F1A7 = {
						CreatedOnToolsVersion = 13.3;
						TestTargetID = 76DDB85A285605360055F1A7;
					};
					76DDB87A285605390055F1A7 = {
						CreatedOnToolsVersion = 13.3;
						TestTargetID = 76DDB85A285605360055F1A7;
					};
				};
			};
			buildConfigurationList = 76DDB856285605360055F1A7 /* Build configuration list for PBXProject "SocialLite" */;
			compatibilityVersion = "Xcode 13.0";
			developmentRegion = en;
			hasScannedForEncodings = 0;
			knownRegions = (
				en,
				Base,
			);
			mainGroup = 76DDB852285605360055F1A7;
			packageReferences = (
				76DDB88E285606B80055F1A7 /* XCRemoteSwiftPackageReference "firebase-ios-sdk" */,
				76DDB8BC285625240055F1A7 /* XCRemoteSwiftPackageReference "NotificationBanner" */,
			);
			productRefGroup = 76DDB85C285605360055F1A7 /* Products */;
			projectDirPath = "";
			projectRoot = "";
			targets = (
				76DDB85A285605360055F1A7 /* SocialLite */,
				76DDB870285605380055F1A7 /* SocialLiteTests */,
				76DDB87A285605390055F1A7 /* SocialLiteUITests */,
			);
		};
/* End PBXProject section */

/* Begin PBXResourcesBuildPhase section */
		76DDB859285605360055F1A7 /* Resources */ = {
			isa = PBXResourcesBuildPhase;
			buildActionMask = 2147483647;
			files = (
				76DDB868285605380055F1A7 /* Assets.xcassets in Resources */,
				76DDB8AA28560D830055F1A7 /* Localizable.strings in Resources */,
				76DDB89A285607E40055F1A7 /* GoogleService-Info.plist in Resources */,
			);
			runOnlyForDeploymentPostprocessing = 0;
		};
		76DDB86F285605380055F1A7 /* Resources */ = {
			isa = PBXResourcesBuildPhase;
			buildActionMask = 2147483647;
			files = (
			);
			runOnlyForDeploymentPostprocessing = 0;
		};
		76DDB879285605390055F1A7 /* Resources */ = {
			isa = PBXResourcesBuildPhase;
			buildActionMask = 2147483647;
			files = (
			);
			runOnlyForDeploymentPostprocessing = 0;
		};
/* End PBXResourcesBuildPhase section */

/* Begin PBXSourcesBuildPhase section */
		76DDB857285605360055F1A7 /* Sources */ = {
			isa = PBXSourcesBuildPhase;
			buildActionMask = 2147483647;
			files = (
				76DDB8CE285637E20055F1A7 /* TimelineService.swift in Sources */,
				76DDB8B9285616740055F1A7 /* SignUpWireframe.swift in Sources */,
				76DDB8CA285637CF0055F1A7 /* TimelinePresenter.swift in Sources */,
				76DDB8D0285637EB0055F1A7 /* TimelineWireframe.swift in Sources */,
				76DDB8B3285616540055F1A7 /* SignUpPresenter.swift in Sources */,
				76DDB8BB28561C670055F1A7 /* Coordinator.swift in Sources */,
				76DDB8A2285609B00055F1A7 /* SignInPresenter.swift in Sources */,
				76DDB8AC28560EA80055F1A7 /* String+Extension.swift in Sources */,
				76DDB8B1285616460055F1A7 /* SignUpViewController.swift in Sources */,
				76DDB8A8285609CF0055F1A7 /* SignInWireframe.swift in Sources */,
				76DDB8A4285609BA0055F1A7 /* SignInInteractor.swift in Sources */,
				76DDB8A6285609C50055F1A7 /* SignInService.swift in Sources */,
				76DDB8C228562C4A0055F1A7 /* UITextField+Extension.swift in Sources */,
				76DDB85F285605360055F1A7 /* AppDelegate.swift in Sources */,
				76DDB8B52856165F0055F1A7 /* SignUpInteractor.swift in Sources */,
				76DDB8CC285637DB0055F1A7 /* TimelineInteractor.swift in Sources */,
				76DDB8A02856099F0055F1A7 /* SignInViewController.swift in Sources */,
				76DDB8B7285616690055F1A7 /* SignUpService.swift in Sources */,
				76DDB8C8285637C20055F1A7 /* TimelineViewController.swift in Sources */,
			);
			runOnlyForDeploymentPostprocessing = 0;
		};
		76DDB86D285605380055F1A7 /* Sources */ = {
			isa = PBXSourcesBuildPhase;
			buildActionMask = 2147483647;
			files = (
				76DDB876285605380055F1A7 /* SocialLiteTests.swift in Sources */,
			);
			runOnlyForDeploymentPostprocessing = 0;
		};
		76DDB877285605390055F1A7 /* Sources */ = {
			isa = PBXSourcesBuildPhase;
			buildActionMask = 2147483647;
			files = (
				76DDB880285605390055F1A7 /* SocialLiteUITests.swift in Sources */,
				76DDB882285605390055F1A7 /* SocialLiteUITestsLaunchTests.swift in Sources */,
			);
			runOnlyForDeploymentPostprocessing = 0;
		};
/* End PBXSourcesBuildPhase section */

/* Begin PBXTargetDependency section */
		76DDB873285605380055F1A7 /* PBXTargetDependency */ = {
			isa = PBXTargetDependency;
			target = 76DDB85A285605360055F1A7 /* SocialLite */;
			targetProxy = 76DDB872285605380055F1A7 /* PBXContainerItemProxy */;
		};
		76DDB87D285605390055F1A7 /* PBXTargetDependency */ = {
			isa = PBXTargetDependency;
			target = 76DDB85A285605360055F1A7 /* SocialLite */;
			targetProxy = 76DDB87C285605390055F1A7 /* PBXContainerItemProxy */;
		};
/* End PBXTargetDependency section */

/* Begin XCBuildConfiguration section */
		76DDB883285605390055F1A7 /* Debug */ = {
			isa = XCBuildConfiguration;
			buildSettings = {
				ALWAYS_SEARCH_USER_PATHS = NO;
				CLANG_ANALYZER_NONNULL = YES;
				CLANG_ANALYZER_NUMBER_OBJECT_CONVERSION = YES_AGGRESSIVE;
				CLANG_CXX_LANGUAGE_STANDARD = "gnu++17";
				CLANG_ENABLE_MODULES = YES;
				CLANG_ENABLE_OBJC_ARC = YES;
				CLANG_ENABLE_OBJC_WEAK = YES;
				CLANG_WARN_BLOCK_CAPTURE_AUTORELEASING = YES;
				CLANG_WARN_BOOL_CONVERSION = YES;
				CLANG_WARN_COMMA = YES;
				CLANG_WARN_CONSTANT_CONVERSION = YES;
				CLANG_WARN_DEPRECATED_OBJC_IMPLEMENTATIONS = YES;
				CLANG_WARN_DIRECT_OBJC_ISA_USAGE = YES_ERROR;
				CLANG_WARN_DOCUMENTATION_COMMENTS = YES;
				CLANG_WARN_EMPTY_BODY = YES;
				CLANG_WARN_ENUM_CONVERSION = YES;
				CLANG_WARN_INFINITE_RECURSION = YES;
				CLANG_WARN_INT_CONVERSION = YES;
				CLANG_WARN_NON_LITERAL_NULL_CONVERSION = YES;
				CLANG_WARN_OBJC_IMPLICIT_RETAIN_SELF = YES;
				CLANG_WARN_OBJC_LITERAL_CONVERSION = YES;
				CLANG_WARN_OBJC_ROOT_CLASS = YES_ERROR;
				CLANG_WARN_QUOTED_INCLUDE_IN_FRAMEWORK_HEADER = YES;
				CLANG_WARN_RANGE_LOOP_ANALYSIS = YES;
				CLANG_WARN_STRICT_PROTOTYPES = YES;
				CLANG_WARN_SUSPICIOUS_MOVE = YES;
				CLANG_WARN_UNGUARDED_AVAILABILITY = YES_AGGRESSIVE;
				CLANG_WARN_UNREACHABLE_CODE = YES;
				CLANG_WARN__DUPLICATE_METHOD_MATCH = YES;
				COPY_PHASE_STRIP = NO;
				DEBUG_INFORMATION_FORMAT = dwarf;
				ENABLE_STRICT_OBJC_MSGSEND = YES;
				ENABLE_TESTABILITY = YES;
				GCC_C_LANGUAGE_STANDARD = gnu11;
				GCC_DYNAMIC_NO_PIC = NO;
				GCC_NO_COMMON_BLOCKS = YES;
				GCC_OPTIMIZATION_LEVEL = 0;
				GCC_PREPROCESSOR_DEFINITIONS = (
					"DEBUG=1",
					"$(inherited)",
				);
				GCC_WARN_64_TO_32_BIT_CONVERSION = YES;
				GCC_WARN_ABOUT_RETURN_TYPE = YES_ERROR;
				GCC_WARN_UNDECLARED_SELECTOR = YES;
				GCC_WARN_UNINITIALIZED_AUTOS = YES_AGGRESSIVE;
				GCC_WARN_UNUSED_FUNCTION = YES;
				GCC_WARN_UNUSED_VARIABLE = YES;
				IPHONEOS_DEPLOYMENT_TARGET = 15.4;
				MTL_ENABLE_DEBUG_INFO = INCLUDE_SOURCE;
				MTL_FAST_MATH = YES;
				ONLY_ACTIVE_ARCH = YES;
				SDKROOT = iphoneos;
				SWIFT_ACTIVE_COMPILATION_CONDITIONS = DEBUG;
				SWIFT_OPTIMIZATION_LEVEL = "-Onone";
			};
			name = Debug;
		};
		76DDB884285605390055F1A7 /* Release */ = {
			isa = XCBuildConfiguration;
			buildSettings = {
				ALWAYS_SEARCH_USER_PATHS = NO;
				CLANG_ANALYZER_NONNULL = YES;
				CLANG_ANALYZER_NUMBER_OBJECT_CONVERSION = YES_AGGRESSIVE;
				CLANG_CXX_LANGUAGE_STANDARD = "gnu++17";
				CLANG_ENABLE_MODULES = YES;
				CLANG_ENABLE_OBJC_ARC = YES;
				CLANG_ENABLE_OBJC_WEAK = YES;
				CLANG_WARN_BLOCK_CAPTURE_AUTORELEASING = YES;
				CLANG_WARN_BOOL_CONVERSION = YES;
				CLANG_WARN_COMMA = YES;
				CLANG_WARN_CONSTANT_CONVERSION = YES;
				CLANG_WARN_DEPRECATED_OBJC_IMPLEMENTATIONS = YES;
				CLANG_WARN_DIRECT_OBJC_ISA_USAGE = YES_ERROR;
				CLANG_WARN_DOCUMENTATION_COMMENTS = YES;
				CLANG_WARN_EMPTY_BODY = YES;
				CLANG_WARN_ENUM_CONVERSION = YES;
				CLANG_WARN_INFINITE_RECURSION = YES;
				CLANG_WARN_INT_CONVERSION = YES;
				CLANG_WARN_NON_LITERAL_NULL_CONVERSION = YES;
				CLANG_WARN_OBJC_IMPLICIT_RETAIN_SELF = YES;
				CLANG_WARN_OBJC_LITERAL_CONVERSION = YES;
				CLANG_WARN_OBJC_ROOT_CLASS = YES_ERROR;
				CLANG_WARN_QUOTED_INCLUDE_IN_FRAMEWORK_HEADER = YES;
				CLANG_WARN_RANGE_LOOP_ANALYSIS = YES;
				CLANG_WARN_STRICT_PROTOTYPES = YES;
				CLANG_WARN_SUSPICIOUS_MOVE = YES;
				CLANG_WARN_UNGUARDED_AVAILABILITY = YES_AGGRESSIVE;
				CLANG_WARN_UNREACHABLE_CODE = YES;
				CLANG_WARN__DUPLICATE_METHOD_MATCH = YES;
				COPY_PHASE_STRIP = NO;
				DEBUG_INFORMATION_FORMAT = "dwarf-with-dsym";
				ENABLE_NS_ASSERTIONS = NO;
				ENABLE_STRICT_OBJC_MSGSEND = YES;
				GCC_C_LANGUAGE_STANDARD = gnu11;
				GCC_NO_COMMON_BLOCKS = YES;
				GCC_WARN_64_TO_32_BIT_CONVERSION = YES;
				GCC_WARN_ABOUT_RETURN_TYPE = YES_ERROR;
				GCC_WARN_UNDECLARED_SELECTOR = YES;
				GCC_WARN_UNINITIALIZED_AUTOS = YES_AGGRESSIVE;
				GCC_WARN_UNUSED_FUNCTION = YES;
				GCC_WARN_UNUSED_VARIABLE = YES;
				IPHONEOS_DEPLOYMENT_TARGET = 15.4;
				MTL_ENABLE_DEBUG_INFO = NO;
				MTL_FAST_MATH = YES;
				SDKROOT = iphoneos;
				SWIFT_COMPILATION_MODE = wholemodule;
				SWIFT_OPTIMIZATION_LEVEL = "-O";
				VALIDATE_PRODUCT = YES;
			};
			name = Release;
		};
		76DDB886285605390055F1A7 /* Debug */ = {
			isa = XCBuildConfiguration;
			buildSettings = {
				ASSETCATALOG_COMPILER_APPICON_NAME = AppIcon;
				ASSETCATALOG_COMPILER_GLOBAL_ACCENT_COLOR_NAME = AccentColor;
				CODE_SIGN_STYLE = Automatic;
				CURRENT_PROJECT_VERSION = 1;
				DEVELOPMENT_TEAM = B4SPLLKKXN;
				GENERATE_INFOPLIST_FILE = YES;
				INFOPLIST_FILE = SocialLite/Info.plist;
				INFOPLIST_KEY_UIApplicationSupportsIndirectInputEvents = YES;
				INFOPLIST_KEY_UILaunchStoryboardName = LaunchScreen;
				INFOPLIST_KEY_UISupportedInterfaceOrientations_iPad = "UIInterfaceOrientationPortrait UIInterfaceOrientationPortraitUpsideDown UIInterfaceOrientationLandscapeLeft UIInterfaceOrientationLandscapeRight";
				INFOPLIST_KEY_UISupportedInterfaceOrientations_iPhone = "UIInterfaceOrientationPortrait UIInterfaceOrientationLandscapeLeft UIInterfaceOrientationLandscapeRight";
				IPHONEOS_DEPLOYMENT_TARGET = 12.0;
				LD_RUNPATH_SEARCH_PATHS = (
					"$(inherited)",
					"@executable_path/Frameworks",
				);
				MARKETING_VERSION = 1.0;
				PRODUCT_BUNDLE_IDENTIFIER = com.michaelslatterydev.SocialLite;
				PRODUCT_NAME = "$(TARGET_NAME)";
				SWIFT_EMIT_LOC_STRINGS = YES;
				SWIFT_VERSION = 5.0;
				TARGETED_DEVICE_FAMILY = "1,2";
			};
			name = Debug;
		};
		76DDB887285605390055F1A7 /* Release */ = {
			isa = XCBuildConfiguration;
			buildSettings = {
				ASSETCATALOG_COMPILER_APPICON_NAME = AppIcon;
				ASSETCATALOG_COMPILER_GLOBAL_ACCENT_COLOR_NAME = AccentColor;
				CODE_SIGN_STYLE = Automatic;
				CURRENT_PROJECT_VERSION = 1;
				DEVELOPMENT_TEAM = B4SPLLKKXN;
				GENERATE_INFOPLIST_FILE = YES;
				INFOPLIST_FILE = SocialLite/Info.plist;
				INFOPLIST_KEY_UIApplicationSupportsIndirectInputEvents = YES;
				INFOPLIST_KEY_UILaunchStoryboardName = LaunchScreen;
				INFOPLIST_KEY_UISupportedInterfaceOrientations_iPad = "UIInterfaceOrientationPortrait UIInterfaceOrientationPortraitUpsideDown UIInterfaceOrientationLandscapeLeft UIInterfaceOrientationLandscapeRight";
				INFOPLIST_KEY_UISupportedInterfaceOrientations_iPhone = "UIInterfaceOrientationPortrait UIInterfaceOrientationLandscapeLeft UIInterfaceOrientationLandscapeRight";
				IPHONEOS_DEPLOYMENT_TARGET = 12.0;
				LD_RUNPATH_SEARCH_PATHS = (
					"$(inherited)",
					"@executable_path/Frameworks",
				);
				MARKETING_VERSION = 1.0;
				PRODUCT_BUNDLE_IDENTIFIER = com.michaelslatterydev.SocialLite;
				PRODUCT_NAME = "$(TARGET_NAME)";
				SWIFT_EMIT_LOC_STRINGS = YES;
				SWIFT_VERSION = 5.0;
				TARGETED_DEVICE_FAMILY = "1,2";
			};
			name = Release;
		};
		76DDB889285605390055F1A7 /* Debug */ = {
			isa = XCBuildConfiguration;
			buildSettings = {
				ALWAYS_EMBED_SWIFT_STANDARD_LIBRARIES = YES;
				BUNDLE_LOADER = "$(TEST_HOST)";
				CODE_SIGN_STYLE = Automatic;
				CURRENT_PROJECT_VERSION = 1;
				DEVELOPMENT_TEAM = B4SPLLKKXN;
				GENERATE_INFOPLIST_FILE = YES;
				IPHONEOS_DEPLOYMENT_TARGET = 15.4;
				MARKETING_VERSION = 1.0;
				PRODUCT_BUNDLE_IDENTIFIER = com.michaelslatterydev.SocialLiteTests;
				PRODUCT_NAME = "$(TARGET_NAME)";
				SWIFT_EMIT_LOC_STRINGS = NO;
				SWIFT_VERSION = 5.0;
				TARGETED_DEVICE_FAMILY = "1,2";
				TEST_HOST = "$(BUILT_PRODUCTS_DIR)/SocialLite.app/SocialLite";
			};
			name = Debug;
		};
		76DDB88A285605390055F1A7 /* Release */ = {
			isa = XCBuildConfiguration;
			buildSettings = {
				ALWAYS_EMBED_SWIFT_STANDARD_LIBRARIES = YES;
				BUNDLE_LOADER = "$(TEST_HOST)";
				CODE_SIGN_STYLE = Automatic;
				CURRENT_PROJECT_VERSION = 1;
				DEVELOPMENT_TEAM = B4SPLLKKXN;
				GENERATE_INFOPLIST_FILE = YES;
				IPHONEOS_DEPLOYMENT_TARGET = 15.4;
				MARKETING_VERSION = 1.0;
				PRODUCT_BUNDLE_IDENTIFIER = com.michaelslatterydev.SocialLiteTests;
				PRODUCT_NAME = "$(TARGET_NAME)";
				SWIFT_EMIT_LOC_STRINGS = NO;
				SWIFT_VERSION = 5.0;
				TARGETED_DEVICE_FAMILY = "1,2";
				TEST_HOST = "$(BUILT_PRODUCTS_DIR)/SocialLite.app/SocialLite";
			};
			name = Release;
		};
		76DDB88C285605390055F1A7 /* Debug */ = {
			isa = XCBuildConfiguration;
			buildSettings = {
				ALWAYS_EMBED_SWIFT_STANDARD_LIBRARIES = YES;
				CODE_SIGN_STYLE = Automatic;
				CURRENT_PROJECT_VERSION = 1;
				DEVELOPMENT_TEAM = B4SPLLKKXN;
				GENERATE_INFOPLIST_FILE = YES;
				MARKETING_VERSION = 1.0;
				PRODUCT_BUNDLE_IDENTIFIER = com.michaelslatterydev.SocialLiteUITests;
				PRODUCT_NAME = "$(TARGET_NAME)";
				SWIFT_EMIT_LOC_STRINGS = NO;
				SWIFT_VERSION = 5.0;
				TARGETED_DEVICE_FAMILY = "1,2";
				TEST_TARGET_NAME = SocialLite;
			};
			name = Debug;
		};
		76DDB88D285605390055F1A7 /* Release */ = {
			isa = XCBuildConfiguration;
			buildSettings = {
				ALWAYS_EMBED_SWIFT_STANDARD_LIBRARIES = YES;
				CODE_SIGN_STYLE = Automatic;
				CURRENT_PROJECT_VERSION = 1;
				DEVELOPMENT_TEAM = B4SPLLKKXN;
				GENERATE_INFOPLIST_FILE = YES;
				MARKETING_VERSION = 1.0;
				PRODUCT_BUNDLE_IDENTIFIER = com.michaelslatterydev.SocialLiteUITests;
				PRODUCT_NAME = "$(TARGET_NAME)";
				SWIFT_EMIT_LOC_STRINGS = NO;
				SWIFT_VERSION = 5.0;
				TARGETED_DEVICE_FAMILY = "1,2";
				TEST_TARGET_NAME = SocialLite;
			};
			name = Release;
		};
/* End XCBuildConfiguration section */

/* Begin XCConfigurationList section */
		76DDB856285605360055F1A7 /* Build configuration list for PBXProject "SocialLite" */ = {
			isa = XCConfigurationList;
			buildConfigurations = (
				76DDB883285605390055F1A7 /* Debug */,
				76DDB884285605390055F1A7 /* Release */,
			);
			defaultConfigurationIsVisible = 0;
			defaultConfigurationName = Release;
		};
		76DDB885285605390055F1A7 /* Build configuration list for PBXNativeTarget "SocialLite" */ = {
			isa = XCConfigurationList;
			buildConfigurations = (
				76DDB886285605390055F1A7 /* Debug */,
				76DDB887285605390055F1A7 /* Release */,
			);
			defaultConfigurationIsVisible = 0;
			defaultConfigurationName = Release;
		};
		76DDB888285605390055F1A7 /* Build configuration list for PBXNativeTarget "SocialLiteTests" */ = {
			isa = XCConfigurationList;
			buildConfigurations = (
				76DDB889285605390055F1A7 /* Debug */,
				76DDB88A285605390055F1A7 /* Release */,
			);
			defaultConfigurationIsVisible = 0;
			defaultConfigurationName = Release;
		};
		76DDB88B285605390055F1A7 /* Build configuration list for PBXNativeTarget "SocialLiteUITests" */ = {
			isa = XCConfigurationList;
			buildConfigurations = (
				76DDB88C285605390055F1A7 /* Debug */,
				76DDB88D285605390055F1A7 /* Release */,
			);
			defaultConfigurationIsVisible = 0;
			defaultConfigurationName = Release;
		};
/* End XCConfigurationList section */

/* Begin XCRemoteSwiftPackageReference section */
		76DDB88E285606B80055F1A7 /* XCRemoteSwiftPackageReference "firebase-ios-sdk" */ = {
			isa = XCRemoteSwiftPackageReference;
			repositoryURL = "https://github.com/firebase/firebase-ios-sdk";
			requirement = {
				branch = master;
				kind = branch;
			};
		};
		76DDB8BC285625240055F1A7 /* XCRemoteSwiftPackageReference "NotificationBanner" */ = {
			isa = XCRemoteSwiftPackageReference;
			repositoryURL = "https://github.com/Daltron/NotificationBanner";
			requirement = {
				kind = upToNextMajorVersion;
				minimumVersion = 3.0.0;
			};
		};
/* End XCRemoteSwiftPackageReference section */

/* Begin XCSwiftPackageProductDependency section */
		76DDB88F285606B80055F1A7 /* FirebaseAnalytics */ = {
			isa = XCSwiftPackageProductDependency;
			package = 76DDB88E285606B80055F1A7 /* XCRemoteSwiftPackageReference "firebase-ios-sdk" */;
			productName = FirebaseAnalytics;
		};
		76DDB891285606B80055F1A7 /* FirebaseAuth */ = {
			isa = XCSwiftPackageProductDependency;
			package = 76DDB88E285606B80055F1A7 /* XCRemoteSwiftPackageReference "firebase-ios-sdk" */;
			productName = FirebaseAuth;
		};
		76DDB893285606B80055F1A7 /* FirebaseDatabase */ = {
			isa = XCSwiftPackageProductDependency;
			package = 76DDB88E285606B80055F1A7 /* XCRemoteSwiftPackageReference "firebase-ios-sdk" */;
			productName = FirebaseDatabase;
		};
		76DDB895285606B80055F1A7 /* FirebaseDatabaseSwift */ = {
			isa = XCSwiftPackageProductDependency;
			package = 76DDB88E285606B80055F1A7 /* XCRemoteSwiftPackageReference "firebase-ios-sdk" */;
			productName = FirebaseDatabaseSwift;
		};
		76DDB8BD285625240055F1A7 /* NotificationBannerSwift */ = {
			isa = XCSwiftPackageProductDependency;
			package = 76DDB8BC285625240055F1A7 /* XCRemoteSwiftPackageReference "NotificationBanner" */;
			productName = NotificationBannerSwift;
		};
/* End XCSwiftPackageProductDependency section */
	};
	rootObject = 76DDB853285605360055F1A7 /* Project object */;
}
